
Microsoft Visual Studio Solution File, Format Version 12.00
# Visual Studio Version 16
VisualStudioVersion = 16.0.30406.217
MinimumVisualStudioVersion = 10.0.40219.1
Project("{8BC9CEB8-8B4A-11D0-8D11-00A0C91BC942}") = "week5work2", "week5work2\week5work2.vcxproj", "{4BF17BBB-01AB-4C07-871A-6448081EDC5B}"
EndProject
Global
	GlobalSection(SolutionConfigurationPlatforms) = preSolution
		Debug|x64 = Debug|x64
		Debug|x86 = Debug|x86
		Release|x64 = Release|x64
		Release|x86 = Release|x86
	EndGlobalSection
	GlobalSection(ProjectConfigurationPlatforms) = postSolution
		{4BF17BBB-01AB-4C07-871A-6448081EDC5B}.Debug|x64.ActiveCfg = Debug|x64
		{4BF17BBB-01AB-4C07-871A-6448081EDC5B}.Debug|x64.Build.0 = Debug|x64
		{4BF17BBB-01AB-4C07-871A-6448081EDC5B}.Debug|x86.ActiveCfg = Debug|Win32
		{4BF17BBB-01AB-4C07-871A-6448081EDC5B}.Debug|x86.Build.0 = Debug|Win32
		{4BF17BBB-01AB-4C07-871A-6448081EDC5B}.Release|x64.ActiveCfg = Release|x64
		{4BF17BBB-01AB-4C07-871A-6448081EDC5B}.Release|x64.Build.0 = Release|x64
		{4BF17BBB-01AB-4C07-871A-6448081EDC5B}.Release|x86.ActiveCfg = Release|Win32
		{4BF17BBB-01AB-4C07-871A-6448081EDC5B}.Release|x86.Build.0 = Release|Win32
	EndGlobalSection
	GlobalSection(SolutionProperties) = preSolution
		HideSolutionNode = FALSE
	EndGlobalSection
	GlobalSection(ExtensibilityGlobals) = postSolution
		SolutionGuid = {970A8AC4-AA40-43AA-8A96-53CEA729690D}
	EndGlobalSection
EndGlobal
